
Microsoft Visual Studio Solution File, Format Version 12.00
# Visual Studio Version 17
VisualStudioVersion = 17.1.32210.238
MinimumVisualStudioVersion = 10.0.40219.1
Project("{FAE04EC0-301F-11D3-BF4B-00C04F79EFBC}") = "test 1", "test 1\test 1.csproj", "{F5930BC4-92F1-4024-A696-C5A45ECD70FE}"
EndProject
Global
	GlobalSection(SolutionConfigurationPlatforms) = preSolution
		Debug|Any CPU = Debug|Any CPU
		Release|Any CPU = Release|Any CPU
	EndGlobalSection
	GlobalSection(ProjectConfigurationPlatforms) = postSolution
		{F5930BC4-92F1-4024-A696-C5A45ECD70FE}.Debug|Any CPU.ActiveCfg = Debug|Any CPU
		{F5930BC4-92F1-4024-A696-C5A45ECD70FE}.Debug|Any CPU.Build.0 = Debug|Any CPU
		{F5930BC4-92F1-4024-A696-C5A45ECD70FE}.Release|Any CPU.ActiveCfg = Release|Any CPU
		{F5930BC4-92F1-4024-A696-C5A45ECD70FE}.Release|Any CPU.Build.0 = Release|Any CPU
	EndGlobalSection
	GlobalSection(SolutionProperties) = preSolution
		HideSolutionNode = FALSE
	EndGlobalSection
	GlobalSection(ExtensibilityGlobals) = postSolution
		SolutionGuid = {0143FE91-926D-4FD0-8A66-EFF1AB8A97F0}
	EndGlobalSection
EndGlobal
